// !$*UTF8*$!
{
	archiveVersion = 1;
	classes = {
	};
	objectVersion = 42;
	objects = {

/* Begin PBXAggregateTarget section */
		22A1BC010E49285D003C7C07 /* drcom4mac */ = {
			isa = PBXAggregateTarget;
			buildConfigurationList = 22A1BC0F0E492878003C7C07 /* Build configuration list for PBXAggregateTarget "drcom4mac" */;
			buildPhases = (
			);
			dependencies = (
				22A1BC070E492869003C7C07 /* PBXTargetDependency */,
				22A1BC050E492866003C7C07 /* PBXTargetDependency */,
				22A1BC030E492865003C7C07 /* PBXTargetDependency */,
			);
			name = drcom4mac;
			productName = drcom4mac;
		};
/* End PBXAggregateTarget section */

/* Begin PBXBuildFile section */
		226A4E2D0E490255005F3ED6 /* drcom.c in Sources */ = {isa = PBXBuildFile; fileRef = 226A4E280E490244005F3ED6 /* drcom.c */; };
		226A4E630E490365005F3ED6 /* InfoPlist.strings in Resources */ = {isa = PBXBuildFile; fileRef = 226A4E600E490365005F3ED6 /* InfoPlist.strings */; };
		226A4E640E490365005F3ED6 /* Info.plist in Resources */ = {isa = PBXBuildFile; fileRef = 226A4E620E490365005F3ED6 /* Info.plist */; };
		226A4E8C0E4904AE005F3ED6 /* dialog.c in Sources */ = {isa = PBXBuildFile; fileRef = 226A4E120E490244005F3ED6 /* dialog.c */; };
		226A4E8D0E4904AF005F3ED6 /* drcomd.c in Sources */ = {isa = PBXBuildFile; fileRef = 226A4E130E490244005F3ED6 /* drcomd.c */; };
		226A4E8E0E4904B0005F3ED6 /* keepalive.c in Sources */ = {isa = PBXBuildFile; fileRef = 226A4E150E490244005F3ED6 /* keepalive.c */; };
		226A4E8F0E4904B0005F3ED6 /* kmodule.c in Sources */ = {isa = PBXBuildFile; fileRef = 226A4E160E490244005F3ED6 /* kmodule.c */; };
		226A4E900E4904B2005F3ED6 /* log.c in Sources */ = {isa = PBXBuildFile; fileRef = 226A4E170E490244005F3ED6 /* log.c */; };
		226A4E910E4904B2005F3ED6 /* login.c in Sources */ = {isa = PBXBuildFile; fileRef = 226A4E190E490244005F3ED6 /* login.c */; };
		226A4E920E4904B3005F3ED6 /* logout.c in Sources */ = {isa = PBXBuildFile; fileRef = 226A4E1A0E490244005F3ED6 /* logout.c */; };
		226A4E930E4904B4005F3ED6 /* md5.c in Sources */ = {isa = PBXBuildFile; fileRef = 226A4E1B0E490244005F3ED6 /* md5.c */; };
		226A4E940E4904B4005F3ED6 /* misc.c in Sources */ = {isa = PBXBuildFile; fileRef = 226A4E1D0E490244005F3ED6 /* misc.c */; };
		226A4E950E4904B5005F3ED6 /* passwd.c in Sources */ = {isa = PBXBuildFile; fileRef = 226A4E1E0E490244005F3ED6 /* passwd.c */; };
		226A4E960E4904B6005F3ED6 /* readconf.c in Sources */ = {isa = PBXBuildFile; fileRef = 226A4E1F0E490244005F3ED6 /* readconf.c */; };
		226A4E970E4904B6005F3ED6 /* signal.c in Sources */ = {isa = PBXBuildFile; fileRef = 226A4E200E490244005F3ED6 /* signal.c */; };
		226A4E980E4904B7005F3ED6 /* watchport.c in Sources */ = {isa = PBXBuildFile; fileRef = 226A4E210E490244005F3ED6 /* watchport.c */; };
		226A4E9A0E4904C2005F3ED6 /* utils.c in Sources */ = {isa = PBXBuildFile; fileRef = 226A4E2A0E490244005F3ED6 /* utils.c */; };
		226A4ED70E490734005F3ED6 /* daemon_kernel.h in Headers */ = {isa = PBXBuildFile; fileRef = 226A4ED60E490730005F3ED6 /* daemon_kernel.h */; };
		226A52A00E49090A005F3ED6 /* drcomc.c in Sources */ = {isa = PBXBuildFile; fileRef = 226A4E100E490244005F3ED6 /* drcomc.c */; };
		226A52A10E49090C005F3ED6 /* utils.c in Sources */ = {isa = PBXBuildFile; fileRef = 226A4E2A0E490244005F3ED6 /* utils.c */; };
/* End PBXBuildFile section */

/* Begin PBXContainerItemProxy section */
		22A1BC020E492865003C7C07 /* PBXContainerItemProxy */ = {
			isa = PBXContainerItemProxy;
			containerPortal = 089C1669FE841209C02AAC07 /* Project object */;
			proxyType = 1;
			remoteGlobalIDString = 226A529D0E4908F2005F3ED6 /* drcomc */;
			remoteInfo = drcomc;
		};
		22A1BC040E492866003C7C07 /* PBXContainerItemProxy */ = {
			isa = PBXContainerItemProxy;
			containerPortal = 089C1669FE841209C02AAC07 /* Project object */;
			proxyType = 1;
			remoteGlobalIDString = 226A4E860E490476005F3ED6 /* drcomd */;
			remoteInfo = drcomd;
		};
		22A1BC060E492869003C7C07 /* PBXContainerItemProxy */ = {
			isa = PBXContainerItemProxy;
			containerPortal = 089C1669FE841209C02AAC07 /* Project object */;
			proxyType = 1;
			remoteGlobalIDString = 32A4FEB80562C75700D090E7 /* drcom */;
			remoteInfo = drcom;
		};
/* End PBXContainerItemProxy section */

/* Begin PBXFileReference section */
		226A4E100E490244005F3ED6 /* drcomc.c */ = {isa = PBXFileReference; fileEncoding = 30; lastKnownFileType = sourcecode.c.c; path = drcomc.c; sourceTree = "<group>"; };
		226A4E120E490244005F3ED6 /* dialog.c */ = {isa = PBXFileReference; fileEncoding = 30; lastKnownFileType = sourcecode.c.c; path = dialog.c; sourceTree = "<group>"; };
		226A4E130E490244005F3ED6 /* drcomd.c */ = {isa = PBXFileReference; fileEncoding = 30; lastKnownFileType = sourcecode.c.c; path = drcomd.c; sourceTree = "<group>"; };
		226A4E140E490244005F3ED6 /* drcomd.h */ = {isa = PBXFileReference; fileEncoding = 30; lastKnownFileType = sourcecode.c.h; path = drcomd.h; sourceTree = "<group>"; };
		226A4E150E490244005F3ED6 /* keepalive.c */ = {isa = PBXFileReference; fileEncoding = 30; lastKnownFileType = sourcecode.c.c; path = keepalive.c; sourceTree = "<group>"; };
		226A4E160E490244005F3ED6 /* kmodule.c */ = {isa = PBXFileReference; fileEncoding = 30; indentWidth = 4; lastKnownFileType = sourcecode.c.c; path = kmodule.c; sourceTree = "<group>"; tabWidth = 4; usesTabs = 1; };
		226A4E170E490244005F3ED6 /* log.c */ = {isa = PBXFileReference; fileEncoding = 30; lastKnownFileType = sourcecode.c.c; path = log.c; sourceTree = "<group>"; };
		226A4E180E490244005F3ED6 /* log.h */ = {isa = PBXFileReference; fileEncoding = 30; lastKnownFileType = sourcecode.c.h; path = log.h; sourceTree = "<group>"; };
		226A4E190E490244005F3ED6 /* login.c */ = {isa = PBXFileReference; fileEncoding = 30; lastKnownFileType = sourcecode.c.c; path = login.c; sourceTree = "<group>"; };
		226A4E1A0E490244005F3ED6 /* logout.c */ = {isa = PBXFileReference; fileEncoding = 30; lastKnownFileType = sourcecode.c.c; path = logout.c; sourceTree = "<group>"; };
		226A4E1B0E490244005F3ED6 /* md5.c */ = {isa = PBXFileReference; fileEncoding = 30; lastKnownFileType = sourcecode.c.c; path = md5.c; sourceTree = "<group>"; };
		226A4E1C0E490244005F3ED6 /* md5.h */ = {isa = PBXFileReference; fileEncoding = 30; lastKnownFileType = sourcecode.c.h; path = md5.h; sourceTree = "<group>"; };
		226A4E1D0E490244005F3ED6 /* misc.c */ = {isa = PBXFileReference; fileEncoding = 30; lastKnownFileType = sourcecode.c.c; path = misc.c; sourceTree = "<group>"; };
		226A4E1E0E490244005F3ED6 /* passwd.c */ = {isa = PBXFileReference; fileEncoding = 30; lastKnownFileType = sourcecode.c.c; path = passwd.c; sourceTree = "<group>"; };
		226A4E1F0E490244005F3ED6 /* readconf.c */ = {isa = PBXFileReference; fileEncoding = 30; lastKnownFileType = sourcecode.c.c; path = readconf.c; sourceTree = "<group>"; };
		226A4E200E490244005F3ED6 /* signal.c */ = {isa = PBXFileReference; fileEncoding = 30; lastKnownFileType = sourcecode.c.c; path = signal.c; sourceTree = "<group>"; };
		226A4E210E490244005F3ED6 /* watchport.c */ = {isa = PBXFileReference; fileEncoding = 30; lastKnownFileType = sourcecode.c.c; path = watchport.c; sourceTree = "<group>"; };
		226A4E230E490244005F3ED6 /* client_daemon.h */ = {isa = PBXFileReference; fileEncoding = 30; lastKnownFileType = sourcecode.c.h; path = client_daemon.h; sourceTree = "<group>"; };
		226A4E260E490244005F3ED6 /* utils.h */ = {isa = PBXFileReference; fileEncoding = 30; lastKnownFileType = sourcecode.c.h; path = utils.h; sourceTree = "<group>"; };
		226A4E280E490244005F3ED6 /* drcom.c */ = {isa = PBXFileReference; fileEncoding = 30; lastKnownFileType = sourcecode.c.c; path = drcom.c; sourceTree = "<group>"; };
		226A4E2A0E490244005F3ED6 /* utils.c */ = {isa = PBXFileReference; fileEncoding = 30; lastKnownFileType = sourcecode.c.c; path = utils.c; sourceTree = "<group>"; };
		226A4E610E490365005F3ED6 /* English */ = {isa = PBXFileReference; fileEncoding = 30; lastKnownFileType = text.plist.strings; name = English; path = InfoPlist.strings; sourceTree = "<group>"; };
		226A4E620E490365005F3ED6 /* Info.plist */ = {isa = PBXFileReference; fileEncoding = 30; lastKnownFileType = text.xml; name = Info.plist; path = kext/Info.plist; sourceTree = "<group>"; };
		226A4E870E490476005F3ED6 /* drcomd */ = {isa = PBXFileReference; explicitFileType = "compiled.mach-o.executable"; includeInIndex = 0; path = drcomd; sourceTree = BUILT_PRODUCTS_DIR; };
		226A4ED60E490730005F3ED6 /* daemon_kernel.h */ = {isa = PBXFileReference; fileEncoding = 30; lastKnownFileType = sourcecode.c.h; path = daemon_kernel.h; sourceTree = "<group>"; };
		226A529E0E4908F2005F3ED6 /* drcomc */ = {isa = PBXFileReference; explicitFileType = "compiled.mach-o.executable"; includeInIndex = 0; path = drcomc; sourceTree = BUILT_PRODUCTS_DIR; };
		226A53180E490B78005F3ED6 /* daemon_server.h */ = {isa = PBXFileReference; fileEncoding = 30; lastKnownFileType = sourcecode.c.h; path = daemon_server.h; sourceTree = "<group>"; };
		226A534A0E490CC4005F3ED6 /* client.c */ = {isa = PBXFileReference; fileEncoding = 30; lastKnownFileType = sourcecode.c.c; path = client.c; sourceTree = "<group>"; };
		226A534B0E490CC4005F3ED6 /* server.c */ = {isa = PBXFileReference; fileEncoding = 30; lastKnownFileType = sourcecode.c.c; path = server.c; sourceTree = "<group>"; };
		32A4FEC40562C75800D090E7 /* drcom.kext */ = {isa = PBXFileReference; explicitFileType = wrapper.cfbundle; includeInIndex = 0; path = drcom.kext; sourceTree = BUILT_PRODUCTS_DIR; };
		D27513B306A6225300ADB3A4 /* Kernel.framework */ = {isa = PBXFileReference; lastKnownFileType = wrapper.framework; name = Kernel.framework; path = /System/Library/Frameworks/Kernel.framework; sourceTree = "<absolute>"; };
/* End PBXFileReference section */

/* Begin PBXFrameworksBuildPhase section */
		226A4E850E490476005F3ED6 /* Frameworks */ = {
			isa = PBXFrameworksBuildPhase;
			buildActionMask = 2147483647;
			files = (
			);
			runOnlyForDeploymentPostprocessing = 0;
		};
		226A529C0E4908F2005F3ED6 /* Frameworks */ = {
			isa = PBXFrameworksBuildPhase;
			buildActionMask = 2147483647;
			files = (
			);
			runOnlyForDeploymentPostprocessing = 0;
		};
		32A4FEBF0562C75700D090E7 /* Frameworks */ = {
			isa = PBXFrameworksBuildPhase;
			buildActionMask = 2147483647;
			files = (
			);
			runOnlyForDeploymentPostprocessing = 0;
		};
/* End PBXFrameworksBuildPhase section */

/* Begin PBXGroup section */
		089C166AFE841209C02AAC07 /* drcom4mac */ = {
			isa = PBXGroup;
			children = (
				247142CAFF3F8F9811CA285C /* Source */,
				089C167CFE841241C02AAC07 /* Resources */,
				D27513B306A6225300ADB3A4 /* Kernel.framework */,
				19C28FB6FE9D52B211CA2CBB /* Products */,
			);
			name = drcom4mac;
			sourceTree = "<group>";
		};
		089C167CFE841241C02AAC07 /* Resources */ = {
			isa = PBXGroup;
			children = (
				226A4E5E0E49034A005F3ED6 /* kext */,
			);
			name = Resources;
			sourceTree = "<group>";
		};
		19C28FB6FE9D52B211CA2CBB /* Products */ = {
			isa = PBXGroup;
			children = (
				32A4FEC40562C75800D090E7 /* drcom.kext */,
				226A4E870E490476005F3ED6 /* drcomd */,
				226A529E0E4908F2005F3ED6 /* drcomc */,
			);
			name = Products;
			sourceTree = "<group>";
		};
		226A4E0F0E490244005F3ED6 /* drcomc */ = {
			isa = PBXGroup;
			children = (
				226A4E100E490244005F3ED6 /* drcomc.c */,
			);
			path = drcomc;
			sourceTree = "<group>";
		};
		226A4E110E490244005F3ED6 /* drcomd */ = {
			isa = PBXGroup;
			children = (
				226A4E120E490244005F3ED6 /* dialog.c */,
				226A4E130E490244005F3ED6 /* drcomd.c */,
				226A4E140E490244005F3ED6 /* drcomd.h */,
				226A4E150E490244005F3ED6 /* keepalive.c */,
				226A4E160E490244005F3ED6 /* kmodule.c */,
				226A4E170E490244005F3ED6 /* log.c */,
				226A4E180E490244005F3ED6 /* log.h */,
				226A4E190E490244005F3ED6 /* login.c */,
				226A4E1A0E490244005F3ED6 /* logout.c */,
				226A4E1B0E490244005F3ED6 /* md5.c */,
				226A4E1C0E490244005F3ED6 /* md5.h */,
				226A4E1D0E490244005F3ED6 /* misc.c */,
				226A4E1E0E490244005F3ED6 /* passwd.c */,
				226A4E1F0E490244005F3ED6 /* readconf.c */,
				226A4E200E490244005F3ED6 /* signal.c */,
				226A4E210E490244005F3ED6 /* watchport.c */,
			);
			path = drcomd;
			sourceTree = "<group>";
		};
		226A4E220E490244005F3ED6 /* include */ = {
			isa = PBXGroup;
			children = (
				226A53180E490B78005F3ED6 /* daemon_server.h */,
				226A4ED60E490730005F3ED6 /* daemon_kernel.h */,
				226A4E230E490244005F3ED6 /* client_daemon.h */,
				226A4E260E490244005F3ED6 /* utils.h */,
			);
			path = include;
			sourceTree = "<group>";
		};
		226A4E270E490244005F3ED6 /* kext */ = {
			isa = PBXGroup;
			children = (
				226A4E280E490244005F3ED6 /* drcom.c */,
			);
			path = kext;
			sourceTree = "<group>";
		};
		226A4E290E490244005F3ED6 /* utils */ = {
			isa = PBXGroup;
			children = (
				226A4E2A0E490244005F3ED6 /* utils.c */,
			);
			path = utils;
			sourceTree = "<group>";
		};
		226A4E5E0E49034A005F3ED6 /* kext */ = {
			isa = PBXGroup;
			children = (
				226A4E5F0E490365005F3ED6 /* English.lproj */,
				226A4E620E490365005F3ED6 /* Info.plist */,
			);
			name = kext;
			sourceTree = "<group>";
		};
		226A4E5F0E490365005F3ED6 /* English.lproj */ = {
			isa = PBXGroup;
			children = (
				226A4E600E490365005F3ED6 /* InfoPlist.strings */,
			);
			name = English.lproj;
			path = kext/English.lproj;
			sourceTree = "<group>";
		};
		226A53490E490CC4005F3ED6 /* test */ = {
			isa = PBXGroup;
			children = (
				226A534A0E490CC4005F3ED6 /* client.c */,
				226A534B0E490CC4005F3ED6 /* server.c */,
			);
			path = test;
			sourceTree = "<group>";
		};
		247142CAFF3F8F9811CA285C /* Source */ = {
			isa = PBXGroup;
			children = (
				226A4E290E490244005F3ED6 /* utils */,
				226A4E0F0E490244005F3ED6 /* drcomc */,
				226A4E110E490244005F3ED6 /* drcomd */,
				226A4E220E490244005F3ED6 /* include */,
				226A4E270E490244005F3ED6 /* kext */,
				226A53490E490CC4005F3ED6 /* test */,
			);
			name = Source;
			sourceTree = "<group>";
		};
/* End PBXGroup section */

/* Begin PBXHeadersBuildPhase section */
		32A4FEBA0562C75700D090E7 /* Headers */ = {
			isa = PBXHeadersBuildPhase;
			buildActionMask = 2147483647;
			files = (
				226A4ED70E490734005F3ED6 /* daemon_kernel.h in Headers */,
			);
			runOnlyForDeploymentPostprocessing = 0;
		};
/* End PBXHeadersBuildPhase section */

/* Begin PBXNativeTarget section */
		226A4E860E490476005F3ED6 /* drcomd */ = {
			isa = PBXNativeTarget;
			buildConfigurationList = 226A4E890E490495005F3ED6 /* Build configuration list for PBXNativeTarget "drcomd" */;
			buildPhases = (
				226A4E840E490476005F3ED6 /* Sources */,
				226A4E850E490476005F3ED6 /* Frameworks */,
			);
			buildRules = (
			);
			dependencies = (
			);
			name = drcomd;
			productName = drcomd;
			productReference = 226A4E870E490476005F3ED6 /* drcomd */;
			productType = "com.apple.product-type.tool";
		};
		226A529D0E4908F2005F3ED6 /* drcomc */ = {
			isa = PBXNativeTarget;
			buildConfigurationList = 226A52A60E49092A005F3ED6 /* Build configuration list for PBXNativeTarget "drcomc" */;
			buildPhases = (
				226A529B0E4908F2005F3ED6 /* Sources */,
				226A529C0E4908F2005F3ED6 /* Frameworks */,
			);
			buildRules = (
			);
			dependencies = (
			);
			name = drcomc;
			productName = drcomc;
			productReference = 226A529E0E4908F2005F3ED6 /* drcomc */;
			productType = "com.apple.product-type.tool";
		};
		32A4FEB80562C75700D090E7 /* drcom */ = {
			isa = PBXNativeTarget;
			buildConfigurationList = 1DEB91C308733DAC0010E9CD /* Build configuration list for PBXNativeTarget "drcom" */;
			buildPhases = (
				32A4FEBA0562C75700D090E7 /* Headers */,
				32A4FEBB0562C75700D090E7 /* Resources */,
				32A4FEBD0562C75700D090E7 /* Sources */,
				32A4FEBF0562C75700D090E7 /* Frameworks */,
				32A4FEC00562C75700D090E7 /* Rez */,
			);
			buildRules = (
			);
			dependencies = (
			);
			name = drcom;
			productInstallPath = "$(SYSTEM_LIBRARY_DIR)/Extensions";
			productName = drcom4mac;
			productReference = 32A4FEC40562C75800D090E7 /* drcom.kext */;
			productType = "com.apple.product-type.kernel-extension";
		};
/* End PBXNativeTarget section */

/* Begin PBXProject section */
		089C1669FE841209C02AAC07 /* Project object */ = {
			isa = PBXProject;
			buildConfigurationList = 1DEB91C708733DAC0010E9CD /* Build configuration list for PBXProject "drcom4mac" */;
			hasScannedForEncodings = 1;
			mainGroup = 089C166AFE841209C02AAC07 /* drcom4mac */;
			projectDirPath = "";
			targets = (
				32A4FEB80562C75700D090E7 /* drcom */,
				226A4E860E490476005F3ED6 /* drcomd */,
				226A529D0E4908F2005F3ED6 /* drcomc */,
				22A1BC010E49285D003C7C07 /* drcom4mac */,
			);
		};
/* End PBXProject section */

/* Begin PBXResourcesBuildPhase section */
		32A4FEBB0562C75700D090E7 /* Resources */ = {
			isa = PBXResourcesBuildPhase;
			buildActionMask = 2147483647;
			files = (
				226A4E630E490365005F3ED6 /* InfoPlist.strings in Resources */,
				226A4E640E490365005F3ED6 /* Info.plist in Resources */,
			);
			runOnlyForDeploymentPostprocessing = 0;
		};
/* End PBXResourcesBuildPhase section */

/* Begin PBXRezBuildPhase section */
		32A4FEC00562C75700D090E7 /* Rez */ = {
			isa = PBXRezBuildPhase;
			buildActionMask = 2147483647;
			files = (
			);
			runOnlyForDeploymentPostprocessing = 0;
		};
/* End PBXRezBuildPhase section */

/* Begin PBXSourcesBuildPhase section */
		226A4E840E490476005F3ED6 /* Sources */ = {
			isa = PBXSourcesBuildPhase;
			buildActionMask = 2147483647;
			files = (
				226A4E8C0E4904AE005F3ED6 /* dialog.c in Sources */,
				226A4E8D0E4904AF005F3ED6 /* drcomd.c in Sources */,
				226A4E8E0E4904B0005F3ED6 /* keepalive.c in Sources */,
				226A4E8F0E4904B0005F3ED6 /* kmodule.c in Sources */,
				226A4E900E4904B2005F3ED6 /* log.c in Sources */,
				226A4E910E4904B2005F3ED6 /* login.c in Sources */,
				226A4E920E4904B3005F3ED6 /* logout.c in Sources */,
				226A4E930E4904B4005F3ED6 /* md5.c in Sources */,
				226A4E940E4904B4005F3ED6 /* misc.c in Sources */,
				226A4E950E4904B5005F3ED6 /* passwd.c in Sources */,
				226A4E960E4904B6005F3ED6 /* readconf.c in Sources */,
				226A4E970E4904B6005F3ED6 /* signal.c in Sources */,
				226A4E980E4904B7005F3ED6 /* watchport.c in Sources */,
				226A4E9A0E4904C2005F3ED6 /* utils.c in Sources */,
			);
			runOnlyForDeploymentPostprocessing = 0;
		};
		226A529B0E4908F2005F3ED6 /* Sources */ = {
			isa = PBXSourcesBuildPhase;
			buildActionMask = 2147483647;
			files = (
				226A52A00E49090A005F3ED6 /* drcomc.c in Sources */,
				226A52A10E49090C005F3ED6 /* utils.c in Sources */,
			);
			runOnlyForDeploymentPostprocessing = 0;
		};
		32A4FEBD0562C75700D090E7 /* Sources */ = {
			isa = PBXSourcesBuildPhase;
			buildActionMask = 2147483647;
			files = (
				226A4E2D0E490255005F3ED6 /* drcom.c in Sources */,
			);
			runOnlyForDeploymentPostprocessing = 0;
		};
/* End PBXSourcesBuildPhase section */

/* Begin PBXTargetDependency section */
		22A1BC030E492865003C7C07 /* PBXTargetDependency */ = {
			isa = PBXTargetDependency;
			target = 226A529D0E4908F2005F3ED6 /* drcomc */;
			targetProxy = 22A1BC020E492865003C7C07 /* PBXContainerItemProxy */;
		};
		22A1BC050E492866003C7C07 /* PBXTargetDependency */ = {
			isa = PBXTargetDependency;
			target = 226A4E860E490476005F3ED6 /* drcomd */;
			targetProxy = 22A1BC040E492866003C7C07 /* PBXContainerItemProxy */;
		};
		22A1BC070E492869003C7C07 /* PBXTargetDependency */ = {
			isa = PBXTargetDependency;
			target = 32A4FEB80562C75700D090E7 /* drcom */;
			targetProxy = 22A1BC060E492869003C7C07 /* PBXContainerItemProxy */;
		};
/* End PBXTargetDependency section */

/* Begin PBXVariantGroup section */
		226A4E600E490365005F3ED6 /* InfoPlist.strings */ = {
			isa = PBXVariantGroup;
			children = (
				226A4E610E490365005F3ED6 /* English */,
			);
			name = InfoPlist.strings;
			sourceTree = "<group>";
		};
/* End PBXVariantGroup section */

/* Begin XCBuildConfiguration section */
		1DEB91C408733DAC0010E9CD /* Debug */ = {
			isa = XCBuildConfiguration;
			buildSettings = {
				COPY_PHASE_STRIP = NO;
				GCC_DYNAMIC_NO_PIC = NO;
				GCC_ENABLE_FIX_AND_CONTINUE = YES;
				GCC_MODEL_TUNING = G5;
				GCC_OPTIMIZATION_LEVEL = 0;
				INFOPLIST_FILE = kext/Info.plist;
				INSTALL_PATH = "$(SYSTEM_LIBRARY_DIR)/Extensions";
				MODULE_NAME = edu.toronto.eecg.kext.drcom;
				MODULE_START = drcom_start;
				MODULE_STOP = drcom_stop;
				MODULE_VERSION = 1.0.0d1;
				PRODUCT_NAME = drcom;
				WRAPPER_EXTENSION = kext;
				ZERO_LINK = YES;
			};
			name = Debug;
		};
		1DEB91C508733DAC0010E9CD /* Release */ = {
			isa = XCBuildConfiguration;
			buildSettings = {
				ARCHS = (
					ppc,
					i386,
				);
				GCC_GENERATE_DEBUGGING_SYMBOLS = NO;
				GCC_MODEL_TUNING = G5;
				INFOPLIST_FILE = kext/Info.plist;
				INSTALL_GROUP = wheel;
				INSTALL_MODE_FLAG = "u+w,go-w,a+rX";
				INSTALL_OWNER = root;
				INSTALL_PATH = "$(SYSTEM_LIBRARY_DIR)/Extensions";
				MODULE_NAME = edu.toronto.eecg.kext.drcom;
				MODULE_START = drcom_start;
				MODULE_STOP = drcom_stop;
				MODULE_VERSION = 1.0.0d1;
				PRODUCT_NAME = drcom;
				WRAPPER_EXTENSION = kext;
			};
			name = Release;
		};
		1DEB91C808733DAC0010E9CD /* Debug */ = {
			isa = XCBuildConfiguration;
			buildSettings = {
				GCC_WARN_ABOUT_RETURN_TYPE = YES;
				GCC_WARN_UNUSED_VARIABLE = YES;
				PREBINDING = NO;
				SDKROOT = /Developer/SDKs/MacOSX10.4u.sdk;
			};
			name = Debug;
		};
		1DEB91C908733DAC0010E9CD /* Release */ = {
			isa = XCBuildConfiguration;
			buildSettings = {
				GCC_WARN_ABOUT_RETURN_TYPE = YES;
				GCC_WARN_UNUSED_VARIABLE = YES;
				PREBINDING = NO;
				SDKROOT = /Developer/SDKs/MacOSX10.4u.sdk;
			};
			name = Release;
		};
		226A4E8A0E490495005F3ED6 /* Debug */ = {
			isa = XCBuildConfiguration;
			buildSettings = {
				COPY_PHASE_STRIP = NO;
				GCC_DYNAMIC_NO_PIC = NO;
				GCC_ENABLE_FIX_AND_CONTINUE = YES;
				GCC_GENERATE_DEBUGGING_SYMBOLS = YES;
				GCC_MODEL_TUNING = G5;
				GCC_OPTIMIZATION_LEVEL = 0;
				INSTALL_PATH = "$(HOME)/bin";
				PREBINDING = NO;
				PRIVATE_HEADERS_FOLDER_PATH = include;
				PRODUCT_NAME = drcomd;
				ZERO_LINK = YES;
			};
			name = Debug;
		};
		226A4E8B0E490495005F3ED6 /* Release */ = {
			isa = XCBuildConfiguration;
			buildSettings = {
				ARCHS = (
					ppc,
					i386,
				);
				COPY_PHASE_STRIP = YES;
				GCC_ENABLE_FIX_AND_CONTINUE = NO;
				GCC_GENERATE_DEBUGGING_SYMBOLS = NO;
				GCC_MODEL_TUNING = G5;
				INSTALL_GROUP = wheel;
				INSTALL_MODE_FLAG = "a-w,a+r,go-X,u+X";
				INSTALL_OWNER = root;
				INSTALL_PATH = /usr/local/bin;
				PREBINDING = NO;
				PRIVATE_HEADERS_FOLDER_PATH = include;
				PRODUCT_NAME = drcomd;
				ZERO_LINK = NO;
			};
			name = Release;
		};
		226A52A70E49092A005F3ED6 /* Debug */ = {
			isa = XCBuildConfiguration;
			buildSettings = {
				COPY_PHASE_STRIP = NO;
				GCC_DYNAMIC_NO_PIC = NO;
				GCC_ENABLE_FIX_AND_CONTINUE = YES;
				GCC_GENERATE_DEBUGGING_SYMBOLS = YES;
				GCC_MODEL_TUNING = G5;
				GCC_OPTIMIZATION_LEVEL = 0;
				INSTALL_PATH = "$(HOME)/bin";
				PREBINDING = NO;
				PRIVATE_HEADERS_FOLDER_PATH = include;
				PRODUCT_NAME = drcomc;
				ZERO_LINK = YES;
			};
			name = Debug;
		};
		226A52A80E49092A005F3ED6 /* Release */ = {
			isa = XCBuildConfiguration;
			buildSettings = {
				ARCHS = (
					ppc,
					i386,
				);
				COPY_PHASE_STRIP = YES;
				GCC_ENABLE_FIX_AND_CONTINUE = NO;
				GCC_GENERATE_DEBUGGING_SYMBOLS = NO;
				GCC_MODEL_TUNING = G5;
				INSTALL_GROUP = wheel;
				INSTALL_OWNER = root;
				INSTALL_PATH = /usr/local/bin;
				PREBINDING = NO;
				PRIVATE_HEADERS_FOLDER_PATH = include;
				PRODUCT_NAME = drcomc;
				ZERO_LINK = NO;
			};
			name = Release;
		};
		22A1BC100E492878003C7C07 /* Debug */ = {
			isa = XCBuildConfiguration;
			buildSettings = {
				COPY_PHASE_STRIP = NO;
				GCC_DYNAMIC_NO_PIC = NO;
				GCC_GENERATE_DEBUGGING_SYMBOLS = YES;
				GCC_OPTIMIZATION_LEVEL = 0;
				PRODUCT_NAME = drcom4mac;
			};
			name = Debug;
		};
		22A1BC110E492878003C7C07 /* Release */ = {
			isa = XCBuildConfiguration;
			buildSettings = {
				COPY_PHASE_STRIP = YES;
				GCC_ENABLE_FIX_AND_CONTINUE = NO;
				GCC_GENERATE_DEBUGGING_SYMBOLS = NO;
				PRODUCT_NAME = drcom4mac;
				ZERO_LINK = NO;
			};
			name = Release;
		};
/* End XCBuildConfiguration section */

/* Begin XCConfigurationList section */
		1DEB91C308733DAC0010E9CD /* Build configuration list for PBXNativeTarget "drcom" */ = {
			isa = XCConfigurationList;
			buildConfigurations = (
				1DEB91C408733DAC0010E9CD /* Debug */,
				1DEB91C508733DAC0010E9CD /* Release */,
			);
			defaultConfigurationIsVisible = 0;
			defaultConfigurationName = Release;
		};
		1DEB91C708733DAC0010E9CD /* Build configuration list for PBXProject "drcom4mac" */ = {
			isa = XCConfigurationList;
			buildConfigurations = (
				1DEB91C808733DAC0010E9CD /* Debug */,
				1DEB91C908733DAC0010E9CD /* Release */,
			);
			defaultConfigurationIsVisible = 0;
			defaultConfigurationName = Release;
		};
		226A4E890E490495005F3ED6 /* Build configuration list for PBXNativeTarget "drcomd" */ = {
			isa = XCConfigurationList;
			buildConfigurations = (
				226A4E8A0E490495005F3ED6 /* Debug */,
				226A4E8B0E490495005F3ED6 /* Release */,
			);
			defaultConfigurationIsVisible = 0;
			defaultConfigurationName = Release;
		};
		226A52A60E49092A005F3ED6 /* Build configuration list for PBXNativeTarget "drcomc" */ = {
			isa = XCConfigurationList;
			buildConfigurations = (
				226A52A70E49092A005F3ED6 /* Debug */,
				226A52A80E49092A005F3ED6 /* Release */,
			);
			defaultConfigurationIsVisible = 0;
			defaultConfigurationName = Release;
		};
		22A1BC0F0E492878003C7C07 /* Build configuration list for PBXAggregateTarget "drcom4mac" */ = {
			isa = XCConfigurationList;
			buildConfigurations = (
				22A1BC100E492878003C7C07 /* Debug */,
				22A1BC110E492878003C7C07 /* Release */,
			);
			defaultConfigurationIsVisible = 0;
			defaultConfigurationName = Release;
		};
/* End XCConfigurationList section */
	};
	rootObject = 089C1669FE841209C02AAC07 /* Project object */;
}
